
Microsoft Visual Studio Solution File, Format Version 12.00
# Visual Studio Version 16
VisualStudioVersion = 16.0.28803.156
MinimumVisualStudioVersion = 10.0.40219.1
Project("{FAE04EC0-301F-11D3-BF4B-00C04F79EFBC}") = "SharpQuake", "SharpQuake.csproj", "{0FC3229A-25C5-49F9-80C6-237A3BC319B1}"
EndProject
Global
	GlobalSection(SolutionConfigurationPlatforms) = preSolution
		Debug|Any CPU = Debug|Any CPU
		Release|Any CPU = Release|Any CPU
	EndGlobalSection
	GlobalSection(ProjectConfigurationPlatforms) = postSolution
		{0FC3229A-25C5-49F9-80C6-237A3BC319B1}.Debug|Any CPU.ActiveCfg = Debug|Any CPU
		{0FC3229A-25C5-49F9-80C6-237A3BC319B1}.Debug|Any CPU.Build.0 = Debug|Any CPU
		{0FC3229A-25C5-49F9-80C6-237A3BC319B1}.Release|Any CPU.ActiveCfg = Debug|Any CPU
		{0FC3229A-25C5-49F9-80C6-237A3BC319B1}.Release|Any CPU.Build.0 = Debug|Any CPU
	EndGlobalSection
	GlobalSection(SolutionProperties) = preSolution
		HideSolutionNode = FALSE
	EndGlobalSection
	GlobalSection(ExtensibilityGlobals) = postSolution
		SolutionGuid = {56DDB913-9ACB-40D2-9C0C-FEC5C2BE9B3A}
	EndGlobalSection
EndGlobal
